
Microsoft Visual Studio Solution File, Format Version 11.00
# Visual Studio 2010
Project("{FAE04EC0-301F-11D3-BF4B-00C04F79EFBC}") = "PMyWidget", "PMyWidget\PMyWidget.csproj", "{032581F8-E8AC-45BD-8332-1393543F2AF2}"
EndProject
Global
	GlobalSection(SolutionConfigurationPlatforms) = preSolution
		Debug|x86 = Debug|x86
		Release|x86 = Release|x86
	EndGlobalSection
	GlobalSection(ProjectConfigurationPlatforms) = postSolution
		{032581F8-E8AC-45BD-8332-1393543F2AF2}.Debug|x86.ActiveCfg = Debug|x86
		{032581F8-E8AC-45BD-8332-1393543F2AF2}.Debug|x86.Build.0 = Debug|x86
		{032581F8-E8AC-45BD-8332-1393543F2AF2}.Release|x86.ActiveCfg = Release|x86
		{032581F8-E8AC-45BD-8332-1393543F2AF2}.Release|x86.Build.0 = Release|x86
	EndGlobalSection
	GlobalSection(MonoDevelopProperties) = preSolution
		StartupItem = PMyWidget\PMyWidget.csproj
	EndGlobalSection
EndGlobal
